
Microsoft Visual Studio Solution File, Format Version 12.00
# Visual Studio Version 17
VisualStudioVersion = 17.13.35818.85 d17.13
MinimumVisualStudioVersion = 10.0.40219.1
Project("{FAE04EC0-301F-11D3-BF4B-00C04F79EFBC}") = "Fiap.Aula02", "Fiap.Aula02\Fiap.Aula02.csproj", "{63597C97-510D-404A-A847-158B5ABA31F8}"
EndProject
Global
	GlobalSection(SolutionConfigurationPlatforms) = preSolution
		Debug|Any CPU = Debug|Any CPU
		Release|Any CPU = Release|Any CPU
	EndGlobalSection
	GlobalSection(ProjectConfigurationPlatforms) = postSolution
		{63597C97-510D-404A-A847-158B5ABA31F8}.Debug|Any CPU.ActiveCfg = Debug|Any CPU
		{63597C97-510D-404A-A847-158B5ABA31F8}.Debug|Any CPU.Build.0 = Debug|Any CPU
		{63597C97-510D-404A-A847-158B5ABA31F8}.Release|Any CPU.ActiveCfg = Release|Any CPU
		{63597C97-510D-404A-A847-158B5ABA31F8}.Release|Any CPU.Build.0 = Release|Any CPU
	EndGlobalSection
	GlobalSection(SolutionProperties) = preSolution
		HideSolutionNode = FALSE
	EndGlobalSection
	GlobalSection(ExtensibilityGlobals) = postSolution
		SolutionGuid = {AF798B9E-CBBA-4237-97A0-5EAA1CC5FC51}
	EndGlobalSection
EndGlobal
